<?xml version="1.0" encoding="utf-8"?>
<Project ToolsVersion="4.0" xmlns="http://schemas.microsoft.com/developer/msbuild/2003">
  <ItemGroup>
    <Filter Include="Source Files">
      <UniqueIdentifier>{4FC737F1-C7A5-4376-A066-2A32D752A2FF}</UniqueIdentifier>
      <Extensions>cpp;c;cc;cxx;def;odl;idl;hpj;bat;asm;asmx</Extensions>
    </Filter>
    <Filter Include="Header Files">
      <UniqueIdentifier>{93995380-89BD-4b04-88EB-625FBE52EBFB}</UniqueIdentifier>
      <Extensions>h;hh;hpp;hxx;hm;inl;inc;xsd</Extensions>
    </Filter>
    <Filter Include="Resource Files">
      <UniqueIdentifier>{67DA6AB6-F800-4c08-8B7A-83BB121AAD01}</UniqueIdentifier>
      <Extensions>rc;ico;cur;bmp;dlg;rc2;rct;bin;rgs;gif;jpg;jpeg;jpe;resx;tiff;tif;png;wav;mfcribbon-ms</Extensions>
    </Filter>
  </ItemGroup>
  <ItemGroup>
    <ClInclude Include="stdafx.h">
      <Filter>Header Files</Filter>
    </ClInclude>
    <ClInclude Include="targetver.h">
      <Filter>Header Files</Filter>
    </ClInclude>
    <ClInclude Include="controllers\appController\AppController.h">
      <Filter>Header Files</Filter>
    </ClInclude>
    <ClInclude Include="controllers\arrayController\ArrayController.h">
      <Filter>Header Files</Filter>
    </ClInclude>
    <ClInclude Include="controllers\bstController\BSTController.h">
      <Filter>Header Files</Filter>
    </ClInclude>
    <ClInclude Include="controllers\genericController\GenericController.h">
      <Filter>Header Files</Filter>
    </ClInclude>
    <ClInclude Include="controllers\heapController\HeapController.h">
      <Filter>Header Files</Filter>
    </ClInclude>
    <ClInclude Include="controllers\listController\ListController.h">
      <Filter>Header Files</Filter>
    </ClInclude>
    <ClInclude Include="controllers\rbTreeController\rbTreeController.h">
      <Filter>Header Files</Filter>
    </ClInclude>
    <ClInclude Include="controllers\testControllers\genericTestController\genericTestController.h">
      <Filter>Header Files</Filter>
    </ClInclude>
    <ClInclude Include="controllers\testControllers\structureTestController\structureTestController.h">
      <Filter>Header Files</Filter>
    </ClInclude>
    <ClInclude Include="controllers\testControllers\treeTestController\treeTestController.h">
      <Filter>Header Files</Filter>
    </ClInclude>
    <ClInclude Include="utilities\NotImplementedException.h">
      <Filter>Header Files</Filter>
    </ClInclude>
    <ClInclude Include="views\app\appMenu.h">
      <Filter>Header Files</Filter>
    </ClInclude>
    <ClInclude Include="views\array\ArrayMenu.h">
      <Filter>Header Files</Filter>
    </ClInclude>
    <ClInclude Include="views\bst\BSTMenu.h">
      <Filter>Header Files</Filter>
    </ClInclude>
    <ClInclude Include="views\genericView\GenericView.h">
      <Filter>Header Files</Filter>
    </ClInclude>
    <ClInclude Include="views\heap\heapMenu.h">
      <Filter>Header Files</Filter>
    </ClInclude>
    <ClInclude Include="views\list\listMenu.h">
      <Filter>Header Files</Filter>
    </ClInclude>
    <ClInclude Include="views\rbTree\rbTreeMenu.h">
      <Filter>Header Files</Filter>
    </ClInclude>
    <ClInclude Include="structures\array\Array.h">
      <Filter>Header Files</Filter>
    </ClInclude>
    <ClInclude Include="structures\bst\BST.h">
      <Filter>Header Files</Filter>
    </ClInclude>
    <ClInclude Include="structures\genericStructure\GenericStructure.h">
      <Filter>Header Files</Filter>
    </ClInclude>
    <ClInclude Include="structures\heap\Heap.h">
      <Filter>Header Files</Filter>
    </ClInclude>
    <ClInclude Include="structures\list\List.h">
      <Filter>Header Files</Filter>
    </ClInclude>
    <ClInclude Include="structures\rbTree\rbTree.h">
      <Filter>Header Files</Filter>
    </ClInclude>
  </ItemGroup>
  <ItemGroup>
    <ClCompile Include="stdafx.cpp">
      <Filter>Source Files</Filter>
    </ClCompile>
    <ClCompile Include="controllers\appController\AppController.cpp">
      <Filter>Source Files</Filter>
    </ClCompile>
    <ClCompile Include="controllers\arrayController\ArrayController.cpp">
      <Filter>Source Files</Filter>
    </ClCompile>
    <ClCompile Include="controllers\bstController\BSTController.cpp">
      <Filter>Source Files</Filter>
    </ClCompile>
    <ClCompile Include="controllers\genericController\GenericController.cpp">
      <Filter>Source Files</Filter>
    </ClCompile>
    <ClCompile Include="controllers\heapController\HeapController.cpp">
      <Filter>Source Files</Filter>
    </ClCompile>
    <ClCompile Include="controllers\listController\ListController.cpp">
      <Filter>Source Files</Filter>
    </ClCompile>
    <ClCompile Include="controllers\rbTreeController\rbTreeController.cpp">
      <Filter>Source Files</Filter>
    </ClCompile>
    <ClCompile Include="controllers\testControllers\genericTestController\genericTestController.cpp">
      <Filter>Source Files</Filter>
    </ClCompile>
    <ClCompile Include="controllers\testControllers\structureTestController\structureTestController.cpp">
      <Filter>Source Files</Filter>
    </ClCompile>
    <ClCompile Include="controllers\testControllers\treeTestController\treeTestController.cpp">
      <Filter>Source Files</Filter>
    </ClCompile>
    <ClCompile Include="views\app\appMenu.cpp">
      <Filter>Source Files</Filter>
    </ClCompile>
    <ClCompile Include="views\array\ArrayMenu.cpp">
      <Filter>Source Files</Filter>
    </ClCompile>
    <ClCompile Include="views\bst\BSTMenu.cpp">
      <Filter>Source Files</Filter>
    </ClCompile>
    <ClCompile Include="views\heap\heapMenu.cpp">
      <Filter>Source Files</Filter>
    </ClCompile>
    <ClCompile Include="views\list\listMenu.cpp">
      <Filter>Source Files</Filter>
    </ClCompile>
    <ClCompile Include="views\rbTree\rbTreeMenu.cpp">
      <Filter>Source Files</Filter>
    </ClCompile>
    <ClCompile Include="structures\array\Array.cpp">
      <Filter>Source Files</Filter>
    </ClCompile>
    <ClCompile Include="structures\bst\BST.cpp">
      <Filter>Source Files</Filter>
    </ClCompile>
    <ClCompile Include="structures\heap\Heap.cpp">
      <Filter>Source Files</Filter>
    </ClCompile>
    <ClCompile Include="structures\list\List.cpp">
      <Filter>Source Files</Filter>
    </ClCompile>
    <ClCompile Include="structures\rbTree\rbTree.cpp">
      <Filter>Source Files</Filter>
    </ClCompile>
  </ItemGroup>
</Project>